// !$*UTF8*$!
{
	archiveVersion = 1;
	classes = {
	};
	objectVersion = 50;
	objects = {

/* Begin PBXBuildFile section */
		2AF8D87321CFF5CF0091CE67 /* VBRProceduralStrings.swift in Sources */ = {isa = PBXBuildFile; fileRef = 2AF8D87221CFF5CF0091CE67 /* VBRProceduralStrings.swift */; };
		2F5C91139EFBCEADC5E4C18A /* Pods_VBRProceduralStrings.framework in Frameworks */ = {isa = PBXBuildFile; fileRef = D16CF096BE9034DC5797D3BC /* Pods_VBRProceduralStrings.framework */; };
/* End PBXBuildFile section */

/* Begin PBXCopyFilesBuildPhase section */
		2AF8D86D21CFF5CF0091CE67 /* CopyFiles */ = {
			isa = PBXCopyFilesBuildPhase;
			buildActionMask = 2147483647;
			dstPath = "include/$(PRODUCT_NAME)";
			dstSubfolderSpec = 16;
			files = (
			);
			runOnlyForDeploymentPostprocessing = 0;
		};
/* End PBXCopyFilesBuildPhase section */

/* Begin PBXFileReference section */
		2AF8D86F21CFF5CF0091CE67 /* libVBRProceduralStrings.a */ = {isa = PBXFileReference; explicitFileType = archive.ar; includeInIndex = 0; path = libVBRProceduralStrings.a; sourceTree = BUILT_PRODUCTS_DIR; };
		2AF8D87221CFF5CF0091CE67 /* VBRProceduralStrings.swift */ = {isa = PBXFileReference; lastKnownFileType = sourcecode.swift; path = VBRProceduralStrings.swift; sourceTree = "<group>"; };
		3A0F2CC868914E1C10678235 /* Pods-VBRProceduralStrings.release.xcconfig */ = {isa = PBXFileReference; includeInIndex = 1; lastKnownFileType = text.xcconfig; name = "Pods-VBRProceduralStrings.release.xcconfig"; path = "Pods/Target Support Files/Pods-VBRProceduralStrings/Pods-VBRProceduralStrings.release.xcconfig"; sourceTree = "<group>"; };
		3BA01FCBEDF84F7FC1AD49F6 /* Pods-VBRProceduralStrings.debug.xcconfig */ = {isa = PBXFileReference; includeInIndex = 1; lastKnownFileType = text.xcconfig; name = "Pods-VBRProceduralStrings.debug.xcconfig"; path = "Pods/Target Support Files/Pods-VBRProceduralStrings/Pods-VBRProceduralStrings.debug.xcconfig"; sourceTree = "<group>"; };
		D16CF096BE9034DC5797D3BC /* Pods_VBRProceduralStrings.framework */ = {isa = PBXFileReference; explicitFileType = wrapper.framework; includeInIndex = 0; path = Pods_VBRProceduralStrings.framework; sourceTree = BUILT_PRODUCTS_DIR; };
/* End PBXFileReference section */

/* Begin PBXFrameworksBuildPhase section */
		2AF8D86C21CFF5CF0091CE67 /* Frameworks */ = {
			isa = PBXFrameworksBuildPhase;
			buildActionMask = 2147483647;
			files = (
				2F5C91139EFBCEADC5E4C18A /* Pods_VBRProceduralStrings.framework in Frameworks */,
			);
			runOnlyForDeploymentPostprocessing = 0;
		};
/* End PBXFrameworksBuildPhase section */

/* Begin PBXGroup section */
		2AF8D86621CFF5CF0091CE67 = {
			isa = PBXGroup;
			children = (
				2AF8D87121CFF5CF0091CE67 /* VBRProceduralStrings */,
				2AF8D87021CFF5CF0091CE67 /* Products */,
				995C611EA8F242071C820DEA /* Pods */,
				9186A4AC2A324EB0990E16AB /* Frameworks */,
			);
			sourceTree = "<group>";
		};
		2AF8D87021CFF5CF0091CE67 /* Products */ = {
			isa = PBXGroup;
			children = (
				2AF8D86F21CFF5CF0091CE67 /* libVBRProceduralStrings.a */,
			);
			name = Products;
			sourceTree = "<group>";
		};
		2AF8D87121CFF5CF0091CE67 /* VBRProceduralStrings */ = {
			isa = PBXGroup;
			children = (
				2AF8D87221CFF5CF0091CE67 /* VBRProceduralStrings.swift */,
			);
			path = VBRProceduralStrings;
			sourceTree = "<group>";
		};
		9186A4AC2A324EB0990E16AB /* Frameworks */ = {
			isa = PBXGroup;
			children = (
				D16CF096BE9034DC5797D3BC /* Pods_VBRProceduralStrings.framework */,
			);
			name = Frameworks;
			sourceTree = "<group>";
		};
		995C611EA8F242071C820DEA /* Pods */ = {
			isa = PBXGroup;
			children = (
				3BA01FCBEDF84F7FC1AD49F6 /* Pods-VBRProceduralStrings.debug.xcconfig */,
				3A0F2CC868914E1C10678235 /* Pods-VBRProceduralStrings.release.xcconfig */,
			);
			name = Pods;
			sourceTree = "<group>";
		};
/* End PBXGroup section */

/* Begin PBXNativeTarget section */
		2AF8D86E21CFF5CF0091CE67 /* VBRProceduralStrings */ = {
			isa = PBXNativeTarget;
			buildConfigurationList = 2AF8D87621CFF5CF0091CE67 /* Build configuration list for PBXNativeTarget "VBRProceduralStrings" */;
			buildPhases = (
				981693B7D07AE58105CD01CE /* [CP] Check Pods Manifest.lock */,
				2AF8D86B21CFF5CF0091CE67 /* Sources */,
				2AF8D86C21CFF5CF0091CE67 /* Frameworks */,
				2AF8D86D21CFF5CF0091CE67 /* CopyFiles */,
			);
			buildRules = (
			);
			dependencies = (
			);
			name = VBRProceduralStrings;
			productName = VBRProceduralStrings;
			productReference = 2AF8D86F21CFF5CF0091CE67 /* libVBRProceduralStrings.a */;
			productType = "com.apple.product-type.library.static";
		};
/* End PBXNativeTarget section */

/* Begin PBXProject section */
		2AF8D86721CFF5CF0091CE67 /* Project object */ = {
			isa = PBXProject;
			attributes = {
				LastSwiftUpdateCheck = 1010;
				LastUpgradeCheck = 1010;
				ORGANIZATIONNAME = "Viktor Braun - Software Development";
				TargetAttributes = {
					2AF8D86E21CFF5CF0091CE67 = {
						CreatedOnToolsVersion = 10.1;
					};
				};
			};
			buildConfigurationList = 2AF8D86A21CFF5CF0091CE67 /* Build configuration list for PBXProject "VBRProceduralStrings" */;
			compatibilityVersion = "Xcode 9.3";
			developmentRegion = en;
			hasScannedForEncodings = 0;
			knownRegions = (
				en,
			);
			mainGroup = 2AF8D86621CFF5CF0091CE67;
			productRefGroup = 2AF8D87021CFF5CF0091CE67 /* Products */;
			projectDirPath = "";
			projectRoot = "";
			targets = (
				2AF8D86E21CFF5CF0091CE67 /* VBRProceduralStrings */,
			);
		};
/* End PBXProject section */

/* Begin PBXShellScriptBuildPhase section */
		981693B7D07AE58105CD01CE /* [CP] Check Pods Manifest.lock */ = {
			isa = PBXShellScriptBuildPhase;
			buildActionMask = 2147483647;
			files = (
			);
			inputPaths = (
				"${PODS_PODFILE_DIR_PATH}/Podfile.lock",
				"${PODS_ROOT}/Manifest.lock",
			);
			name = "[CP] Check Pods Manifest.lock";
			outputPaths = (
				"$(DERIVED_FILE_DIR)/Pods-VBRProceduralStrings-checkManifestLockResult.txt",
			);
			runOnlyForDeploymentPostprocessing = 0;
			shellPath = /bin/sh;
			shellScript = "diff \"${PODS_PODFILE_DIR_PATH}/Podfile.lock\" \"${PODS_ROOT}/Manifest.lock\" > /dev/null\nif [ $? != 0 ] ; then\n    # print error to STDERR\n    echo \"error: The sandbox is not in sync with the Podfile.lock. Run 'pod install' or update your CocoaPods installation.\" >&2\n    exit 1\nfi\n# This output is used by Xcode 'outputs' to avoid re-running this script phase.\necho \"SUCCESS\" > \"${SCRIPT_OUTPUT_FILE_0}\"\n";
			showEnvVarsInLog = 0;
		};
/* End PBXShellScriptBuildPhase section */

/* Begin PBXSourcesBuildPhase section */
		2AF8D86B21CFF5CF0091CE67 /* Sources */ = {
			isa = PBXSourcesBuildPhase;
			buildActionMask = 2147483647;
			files = (
				2AF8D87321CFF5CF0091CE67 /* VBRProceduralStrings.swift in Sources */,
			);
			runOnlyForDeploymentPostprocessing = 0;
		};
/* End PBXSourcesBuildPhase section */

/* Begin XCBuildConfiguration section */
		2AF8D87421CFF5CF0091CE67 /* Debug */ = {
			isa = XCBuildConfiguration;
			buildSettings = {
				ALWAYS_SEARCH_USER_PATHS = NO;
				CLANG_ANALYZER_NONNULL = YES;
				CLANG_ANALYZER_NUMBER_OBJECT_CONVERSION = YES_AGGRESSIVE;
				CLANG_CXX_LANGUAGE_STANDARD = "gnu++14";
				CLANG_CXX_LIBRARY = "libc++";
				CLANG_ENABLE_MODULES = YES;
				CLANG_ENABLE_OBJC_ARC = YES;
				CLANG_ENABLE_OBJC_WEAK = YES;
				CLANG_WARN_BLOCK_CAPTURE_AUTORELEASING = YES;
				CLANG_WARN_BOOL_CONVERSION = YES;
				CLANG_WARN_COMMA = YES;
				CLANG_WARN_CONSTANT_CONVERSION = YES;
				CLANG_WARN_DEPRECATED_OBJC_IMPLEMENTATIONS = YES;
				CLANG_WARN_DIRECT_OBJC_ISA_USAGE = YES_ERROR;
				CLANG_WARN_DOCUMENTATION_COMMENTS = YES;
				CLANG_WARN_EMPTY_BODY = YES;
				CLANG_WARN_ENUM_CONVERSION = YES;
				CLANG_WARN_INFINITE_RECURSION = YES;
				CLANG_WARN_INT_CONVERSION = YES;
				CLANG_WARN_NON_LITERAL_NULL_CONVERSION = YES;
				CLANG_WARN_OBJC_IMPLICIT_RETAIN_SELF = YES;
				CLANG_WARN_OBJC_LITERAL_CONVERSION = YES;
				CLANG_WARN_OBJC_ROOT_CLASS = YES_ERROR;
				CLANG_WARN_RANGE_LOOP_ANALYSIS = YES;
				CLANG_WARN_STRICT_PROTOTYPES = YES;
				CLANG_WARN_SUSPICIOUS_MOVE = YES;
				CLANG_WARN_UNGUARDED_AVAILABILITY = YES_AGGRESSIVE;
				CLANG_WARN_UNREACHABLE_CODE = YES;
				CLANG_WARN__DUPLICATE_METHOD_MATCH = YES;
				CODE_SIGN_IDENTITY = "iPhone Developer";
				COPY_PHASE_STRIP = NO;
				DEBUG_INFORMATION_FORMAT = dwarf;
				ENABLE_STRICT_OBJC_MSGSEND = YES;
				ENABLE_TESTABILITY = YES;
				GCC_C_LANGUAGE_STANDARD = gnu11;
				GCC_DYNAMIC_NO_PIC = NO;
				GCC_NO_COMMON_BLOCKS = YES;
				GCC_OPTIMIZATION_LEVEL = 0;
				GCC_PREPROCESSOR_DEFINITIONS = (
					"DEBUG=1",
					"$(inherited)",
				);
				GCC_WARN_64_TO_32_BIT_CONVERSION = YES;
				GCC_WARN_ABOUT_RETURN_TYPE = YES_ERROR;
				GCC_WARN_UNDECLARED_SELECTOR = YES;
				GCC_WARN_UNINITIALIZED_AUTOS = YES_AGGRESSIVE;
				GCC_WARN_UNUSED_FUNCTION = YES;
				GCC_WARN_UNUSED_VARIABLE = YES;
				IPHONEOS_DEPLOYMENT_TARGET = 12.1;
				MTL_ENABLE_DEBUG_INFO = INCLUDE_SOURCE;
				MTL_FAST_MATH = YES;
				ONLY_ACTIVE_ARCH = YES;
				SDKROOT = iphoneos;
				SWIFT_ACTIVE_COMPILATION_CONDITIONS = DEBUG;
				SWIFT_OPTIMIZATION_LEVEL = "-Onone";
			};
			name = Debug;
		};
		2AF8D87521CFF5CF0091CE67 /* Release */ = {
			isa = XCBuildConfiguration;
			buildSettings = {
				ALWAYS_SEARCH_USER_PATHS = NO;
				CLANG_ANALYZER_NONNULL = YES;
				CLANG_ANALYZER_NUMBER_OBJECT_CONVERSION = YES_AGGRESSIVE;
				CLANG_CXX_LANGUAGE_STANDARD = "gnu++14";
				CLANG_CXX_LIBRARY = "libc++";
				CLANG_ENABLE_MODULES = YES;
				CLANG_ENABLE_OBJC_ARC = YES;
				CLANG_ENABLE_OBJC_WEAK = YES;
				CLANG_WARN_BLOCK_CAPTURE_AUTORELEASING = YES;
				CLANG_WARN_BOOL_CONVERSION = YES;
				CLANG_WARN_COMMA = YES;
				CLANG_WARN_CONSTANT_CONVERSION = YES;
				CLANG_WARN_DEPRECATED_OBJC_IMPLEMENTATIONS = YES;
				CLANG_WARN_DIRECT_OBJC_ISA_USAGE = YES_ERROR;
				CLANG_WARN_DOCUMENTATION_COMMENTS = YES;
				CLANG_WARN_EMPTY_BODY = YES;
				CLANG_WARN_ENUM_CONVERSION = YES;
				CLANG_WARN_INFINITE_RECURSION = YES;
				CLANG_WARN_INT_CONVERSION = YES;
				CLANG_WARN_NON_LITERAL_NULL_CONVERSION = YES;
				CLANG_WARN_OBJC_IMPLICIT_RETAIN_SELF = YES;
				CLANG_WARN_OBJC_LITERAL_CONVERSION = YES;
				CLANG_WARN_OBJC_ROOT_CLASS = YES_ERROR;
				CLANG_WARN_RANGE_LOOP_ANALYSIS = YES;
				CLANG_WARN_STRICT_PROTOTYPES = YES;
				CLANG_WARN_SUSPICIOUS_MOVE = YES;
				CLANG_WARN_UNGUARDED_AVAILABILITY = YES_AGGRESSIVE;
				CLANG_WARN_UNREACHABLE_CODE = YES;
				CLANG_WARN__DUPLICATE_METHOD_MATCH = YES;
				CODE_SIGN_IDENTITY = "iPhone Developer";
				COPY_PHASE_STRIP = NO;
				DEBUG_INFORMATION_FORMAT = "dwarf-with-dsym";
				ENABLE_NS_ASSERTIONS = NO;
				ENABLE_STRICT_OBJC_MSGSEND = YES;
				GCC_C_LANGUAGE_STANDARD = gnu11;
				GCC_NO_COMMON_BLOCKS = YES;
				GCC_WARN_64_TO_32_BIT_CONVERSION = YES;
				GCC_WARN_ABOUT_RETURN_TYPE = YES_ERROR;
				GCC_WARN_UNDECLARED_SELECTOR = YES;
				GCC_WARN_UNINITIALIZED_AUTOS = YES_AGGRESSIVE;
				GCC_WARN_UNUSED_FUNCTION = YES;
				GCC_WARN_UNUSED_VARIABLE = YES;
				IPHONEOS_DEPLOYMENT_TARGET = 12.1;
				MTL_ENABLE_DEBUG_INFO = NO;
				MTL_FAST_MATH = YES;
				SDKROOT = iphoneos;
				SWIFT_COMPILATION_MODE = wholemodule;
				SWIFT_OPTIMIZATION_LEVEL = "-O";
				VALIDATE_PRODUCT = YES;
			};
			name = Release;
		};
		2AF8D87721CFF5CF0091CE67 /* Debug */ = {
			isa = XCBuildConfiguration;
			baseConfigurationReference = 3BA01FCBEDF84F7FC1AD49F6 /* Pods-VBRProceduralStrings.debug.xcconfig */;
			buildSettings = {
				CODE_SIGN_STYLE = Automatic;
				DEVELOPMENT_TEAM = MT53UGXK6Y;
				OTHER_LDFLAGS = "-ObjC";
				PRODUCT_NAME = "$(TARGET_NAME)";
				SKIP_INSTALL = YES;
				SWIFT_VERSION = 4.2;
				TARGETED_DEVICE_FAMILY = "1,2";
			};
			name = Debug;
		};
		2AF8D87821CFF5CF0091CE67 /* Release */ = {
			isa = XCBuildConfiguration;
			baseConfigurationReference = 3A0F2CC868914E1C10678235 /* Pods-VBRProceduralStrings.release.xcconfig */;
			buildSettings = {
				CODE_SIGN_STYLE = Automatic;
				DEVELOPMENT_TEAM = MT53UGXK6Y;
				OTHER_LDFLAGS = "-ObjC";
				PRODUCT_NAME = "$(TARGET_NAME)";
				SKIP_INSTALL = YES;
				SWIFT_VERSION = 4.2;
				TARGETED_DEVICE_FAMILY = "1,2";
			};
			name = Release;
		};
/* End XCBuildConfiguration section */

/* Begin XCConfigurationList section */
		2AF8D86A21CFF5CF0091CE67 /* Build configuration list for PBXProject "VBRProceduralStrings" */ = {
			isa = XCConfigurationList;
			buildConfigurations = (
				2AF8D87421CFF5CF0091CE67 /* Debug */,
				2AF8D87521CFF5CF0091CE67 /* Release */,
			);
			defaultConfigurationIsVisible = 0;
			defaultConfigurationName = Release;
		};
		2AF8D87621CFF5CF0091CE67 /* Build configuration list for PBXNativeTarget "VBRProceduralStrings" */ = {
			isa = XCConfigurationList;
			buildConfigurations = (
				2AF8D87721CFF5CF0091CE67 /* Debug */,
				2AF8D87821CFF5CF0091CE67 /* Release */,
			);
			defaultConfigurationIsVisible = 0;
			defaultConfigurationName = Release;
		};
/* End XCConfigurationList section */
	};
	rootObject = 2AF8D86721CFF5CF0091CE67 /* Project object */;
}
